// !$*UTF8*$!
{
	archiveVersion = 1;
	classes = {
	};
	objectVersion = 56;
	objects = {

/* Begin PBXBuildFile section */
		F20157EF2A3C9720007000B6 /* AVKit.framework in Frameworks */ = {isa = PBXBuildFile; fileRef = F20157EE2A3C9720007000B6 /* AVKit.framework */; };
		F205286D2AEE03FE000F4C8E /* Info.plist in Resources */ = {isa = PBXBuildFile; fileRef = F205286C2AEE03FE000F4C8E /* Info.plist */; };
		F227C0A62BC96097006A7468 /* AudioPlayer.swift in Sources */ = {isa = PBXBuildFile; fileRef = F227C0A52BC96097006A7468 /* AudioPlayer.swift */; };
		F2A646A82A3FFA2F00E86EE1 /* TimeKit.swift in Sources */ = {isa = PBXBuildFile; fileRef = F2A646A72A3FFA2F00E86EE1 /* TimeKit.swift */; };
		F2BF27D32C6C333F00610BC6 /* NowPlayableMetadata.swift in Sources */ = {isa = PBXBuildFile; fileRef = F2BF27CF2C6C333F00610BC6 /* NowPlayableMetadata.swift */; };
		F2BF27D42C6C333F00610BC6 /* NowPlayable.swift in Sources */ = {isa = PBXBuildFile; fileRef = F2BF27D02C6C333F00610BC6 /* NowPlayable.swift */; };
		F2BF27D52C6C333F00610BC6 /* NowPlayableError.swift in Sources */ = {isa = PBXBuildFile; fileRef = F2BF27D12C6C333F00610BC6 /* NowPlayableError.swift */; };
		F2BF27D62C6C333F00610BC6 /* NowPlayableCommand.swift in Sources */ = {isa = PBXBuildFile; fileRef = F2BF27D22C6C333F00610BC6 /* NowPlayableCommand.swift */; };
		F2FA3D632C6B81BE008A6859 /* AudioPlayerModel.swift in Sources */ = {isa = PBXBuildFile; fileRef = F2FA3D622C6B81BE008A6859 /* AudioPlayerModel.swift */; };
		F2FDD1D72A3ABC840040360C /* ClosePlayerApp.swift in Sources */ = {isa = PBXBuildFile; fileRef = F2FDD1D62A3ABC840040360C /* ClosePlayerApp.swift */; };
		F2FDD1D92A3ABC840040360C /* ContentView.swift in Sources */ = {isa = PBXBuildFile; fileRef = F2FDD1D82A3ABC840040360C /* ContentView.swift */; };
		F2FDD1DB2A3ABC840040360C /* Assets.xcassets in Resources */ = {isa = PBXBuildFile; fileRef = F2FDD1DA2A3ABC840040360C /* Assets.xcassets */; };
		F2FDD1DF2A3ABC840040360C /* Preview Assets.xcassets in Resources */ = {isa = PBXBuildFile; fileRef = F2FDD1DE2A3ABC840040360C /* Preview Assets.xcassets */; };
		F2FDD1E92A3ABC850040360C /* ClosePlayerTests.swift in Sources */ = {isa = PBXBuildFile; fileRef = F2FDD1E82A3ABC850040360C /* ClosePlayerTests.swift */; };
		F2FDD1F32A3ABC850040360C /* ClosePlayerUITests.swift in Sources */ = {isa = PBXBuildFile; fileRef = F2FDD1F22A3ABC850040360C /* ClosePlayerUITests.swift */; };
		F2FDD1F52A3ABC850040360C /* ClosePlayerUITestsLaunchTests.swift in Sources */ = {isa = PBXBuildFile; fileRef = F2FDD1F42A3ABC850040360C /* ClosePlayerUITestsLaunchTests.swift */; };
		F2FDD2022A3ABF8B0040360C /* ContentModel.swift in Sources */ = {isa = PBXBuildFile; fileRef = F2FDD2012A3ABF8B0040360C /* ContentModel.swift */; };
		F2FDD2042A3B16010040360C /* Player.swift in Sources */ = {isa = PBXBuildFile; fileRef = F2FDD2032A3B16010040360C /* Player.swift */; };
/* End PBXBuildFile section */

/* Begin PBXContainerItemProxy section */
		F2FDD1E52A3ABC850040360C /* PBXContainerItemProxy */ = {
			isa = PBXContainerItemProxy;
			containerPortal = F2FDD1CB2A3ABC840040360C /* Project object */;
			proxyType = 1;
			remoteGlobalIDString = F2FDD1D22A3ABC840040360C;
			remoteInfo = ClosePlayer;
		};
		F2FDD1EF2A3ABC850040360C /* PBXContainerItemProxy */ = {
			isa = PBXContainerItemProxy;
			containerPortal = F2FDD1CB2A3ABC840040360C /* Project object */;
			proxyType = 1;
			remoteGlobalIDString = F2FDD1D22A3ABC840040360C;
			remoteInfo = ClosePlayer;
		};
/* End PBXContainerItemProxy section */

/* Begin PBXFileReference section */
		F20157EE2A3C9720007000B6 /* AVKit.framework */ = {isa = PBXFileReference; lastKnownFileType = wrapper.framework; name = AVKit.framework; path = Platforms/iPhoneOS.platform/Developer/SDKs/iPhoneOS16.4.sdk/System/Library/Frameworks/AVKit.framework; sourceTree = DEVELOPER_DIR; };
		F205286C2AEE03FE000F4C8E /* Info.plist */ = {isa = PBXFileReference; fileEncoding = 4; lastKnownFileType = text.plist.xml; path = Info.plist; sourceTree = "<group>"; };
		F227C0A52BC96097006A7468 /* AudioPlayer.swift */ = {isa = PBXFileReference; lastKnownFileType = sourcecode.swift; path = AudioPlayer.swift; sourceTree = "<group>"; };
		F2A646A72A3FFA2F00E86EE1 /* TimeKit.swift */ = {isa = PBXFileReference; lastKnownFileType = sourcecode.swift; path = TimeKit.swift; sourceTree = "<group>"; };
		F2BF27CF2C6C333F00610BC6 /* NowPlayableMetadata.swift */ = {isa = PBXFileReference; fileEncoding = 4; lastKnownFileType = sourcecode.swift; path = NowPlayableMetadata.swift; sourceTree = "<group>"; };
		F2BF27D02C6C333F00610BC6 /* NowPlayable.swift */ = {isa = PBXFileReference; fileEncoding = 4; lastKnownFileType = sourcecode.swift; path = NowPlayable.swift; sourceTree = "<group>"; };
		F2BF27D12C6C333F00610BC6 /* NowPlayableError.swift */ = {isa = PBXFileReference; fileEncoding = 4; lastKnownFileType = sourcecode.swift; path = NowPlayableError.swift; sourceTree = "<group>"; };
		F2BF27D22C6C333F00610BC6 /* NowPlayableCommand.swift */ = {isa = PBXFileReference; fileEncoding = 4; lastKnownFileType = sourcecode.swift; path = NowPlayableCommand.swift; sourceTree = "<group>"; };
		F2FA3D622C6B81BE008A6859 /* AudioPlayerModel.swift */ = {isa = PBXFileReference; lastKnownFileType = sourcecode.swift; path = AudioPlayerModel.swift; sourceTree = "<group>"; };
		F2FDD1D32A3ABC840040360C /* ClosePlayer.app */ = {isa = PBXFileReference; explicitFileType = wrapper.application; includeInIndex = 0; path = ClosePlayer.app; sourceTree = BUILT_PRODUCTS_DIR; };
		F2FDD1D62A3ABC840040360C /* ClosePlayerApp.swift */ = {isa = PBXFileReference; lastKnownFileType = sourcecode.swift; path = ClosePlayerApp.swift; sourceTree = "<group>"; };
		F2FDD1D82A3ABC840040360C /* ContentView.swift */ = {isa = PBXFileReference; lastKnownFileType = sourcecode.swift; path = ContentView.swift; sourceTree = "<group>"; };
		F2FDD1DA2A3ABC840040360C /* Assets.xcassets */ = {isa = PBXFileReference; lastKnownFileType = folder.assetcatalog; path = Assets.xcassets; sourceTree = "<group>"; };
		F2FDD1DC2A3ABC840040360C /* ClosePlayer.entitlements */ = {isa = PBXFileReference; lastKnownFileType = text.plist.entitlements; path = ClosePlayer.entitlements; sourceTree = "<group>"; };
		F2FDD1DE2A3ABC840040360C /* Preview Assets.xcassets */ = {isa = PBXFileReference; lastKnownFileType = folder.assetcatalog; path = "Preview Assets.xcassets"; sourceTree = "<group>"; };
		F2FDD1E42A3ABC850040360C /* ClosePlayerTests.xctest */ = {isa = PBXFileReference; explicitFileType = wrapper.cfbundle; includeInIndex = 0; path = ClosePlayerTests.xctest; sourceTree = BUILT_PRODUCTS_DIR; };
		F2FDD1E82A3ABC850040360C /* ClosePlayerTests.swift */ = {isa = PBXFileReference; lastKnownFileType = sourcecode.swift; path = ClosePlayerTests.swift; sourceTree = "<group>"; };
		F2FDD1EE2A3ABC850040360C /* ClosePlayerUITests.xctest */ = {isa = PBXFileReference; explicitFileType = wrapper.cfbundle; includeInIndex = 0; path = ClosePlayerUITests.xctest; sourceTree = BUILT_PRODUCTS_DIR; };
		F2FDD1F22A3ABC850040360C /* ClosePlayerUITests.swift */ = {isa = PBXFileReference; lastKnownFileType = sourcecode.swift; path = ClosePlayerUITests.swift; sourceTree = "<group>"; };
		F2FDD1F42A3ABC850040360C /* ClosePlayerUITestsLaunchTests.swift */ = {isa = PBXFileReference; lastKnownFileType = sourcecode.swift; path = ClosePlayerUITestsLaunchTests.swift; sourceTree = "<group>"; };
		F2FDD2012A3ABF8B0040360C /* ContentModel.swift */ = {isa = PBXFileReference; lastKnownFileType = sourcecode.swift; path = ContentModel.swift; sourceTree = "<group>"; };
		F2FDD2032A3B16010040360C /* Player.swift */ = {isa = PBXFileReference; lastKnownFileType = sourcecode.swift; path = Player.swift; sourceTree = "<group>"; };
/* End PBXFileReference section */

/* Begin PBXFrameworksBuildPhase section */
		F2FDD1D02A3ABC840040360C /* Frameworks */ = {
			isa = PBXFrameworksBuildPhase;
			buildActionMask = 2147483647;
			files = (
				F20157EF2A3C9720007000B6 /* AVKit.framework in Frameworks */,
			);
			runOnlyForDeploymentPostprocessing = 0;
		};
		F2FDD1E12A3ABC850040360C /* Frameworks */ = {
			isa = PBXFrameworksBuildPhase;
			buildActionMask = 2147483647;
			files = (
			);
			runOnlyForDeploymentPostprocessing = 0;
		};
		F2FDD1EB2A3ABC850040360C /* Frameworks */ = {
			isa = PBXFrameworksBuildPhase;
			buildActionMask = 2147483647;
			files = (
			);
			runOnlyForDeploymentPostprocessing = 0;
		};
/* End PBXFrameworksBuildPhase section */

/* Begin PBXGroup section */
		F20157ED2A3C9720007000B6 /* Frameworks */ = {
			isa = PBXGroup;
			children = (
				F20157EE2A3C9720007000B6 /* AVKit.framework */,
			);
			name = Frameworks;
			sourceTree = "<group>";
		};
		F2BF27CE2C6C333F00610BC6 /* NowPlayable */ = {
			isa = PBXGroup;
			children = (
				F2BF27CF2C6C333F00610BC6 /* NowPlayableMetadata.swift */,
				F2BF27D02C6C333F00610BC6 /* NowPlayable.swift */,
				F2BF27D12C6C333F00610BC6 /* NowPlayableError.swift */,
				F2BF27D22C6C333F00610BC6 /* NowPlayableCommand.swift */,
			);
			path = NowPlayable;
			sourceTree = "<group>";
		};
		F2FDD1CA2A3ABC840040360C = {
			isa = PBXGroup;
			children = (
				F2FDD1D52A3ABC840040360C /* ClosePlayer */,
				F2FDD1E72A3ABC850040360C /* ClosePlayerTests */,
				F2FDD1F12A3ABC850040360C /* ClosePlayerUITests */,
				F2FDD1D42A3ABC840040360C /* Products */,
				F20157ED2A3C9720007000B6 /* Frameworks */,
			);
			sourceTree = "<group>";
		};
		F2FDD1D42A3ABC840040360C /* Products */ = {
			isa = PBXGroup;
			children = (
				F2FDD1D32A3ABC840040360C /* ClosePlayer.app */,
				F2FDD1E42A3ABC850040360C /* ClosePlayerTests.xctest */,
				F2FDD1EE2A3ABC850040360C /* ClosePlayerUITests.xctest */,
			);
			name = Products;
			sourceTree = "<group>";
		};
		F2FDD1D52A3ABC840040360C /* ClosePlayer */ = {
			isa = PBXGroup;
			children = (
				F205286C2AEE03FE000F4C8E /* Info.plist */,
				F2BF27CE2C6C333F00610BC6 /* NowPlayable */,
				F2FDD1D62A3ABC840040360C /* ClosePlayerApp.swift */,
				F2FDD1D82A3ABC840040360C /* ContentView.swift */,
				F227C0A52BC96097006A7468 /* AudioPlayer.swift */,
				F2FA3D622C6B81BE008A6859 /* AudioPlayerModel.swift */,
				F2A646A72A3FFA2F00E86EE1 /* TimeKit.swift */,
				F2FDD2032A3B16010040360C /* Player.swift */,
				F2FDD2012A3ABF8B0040360C /* ContentModel.swift */,
				F2FDD1DA2A3ABC840040360C /* Assets.xcassets */,
				F2FDD1DC2A3ABC840040360C /* ClosePlayer.entitlements */,
				F2FDD1DD2A3ABC840040360C /* Preview Content */,
			);
			path = ClosePlayer;
			sourceTree = "<group>";
		};
		F2FDD1DD2A3ABC840040360C /* Preview Content */ = {
			isa = PBXGroup;
			children = (
				F2FDD1DE2A3ABC840040360C /* Preview Assets.xcassets */,
			);
			path = "Preview Content";
			sourceTree = "<group>";
		};
		F2FDD1E72A3ABC850040360C /* ClosePlayerTests */ = {
			isa = PBXGroup;
			children = (
				F2FDD1E82A3ABC850040360C /* ClosePlayerTests.swift */,
			);
			path = ClosePlayerTests;
			sourceTree = "<group>";
		};
		F2FDD1F12A3ABC850040360C /* ClosePlayerUITests */ = {
			isa = PBXGroup;
			children = (
				F2FDD1F22A3ABC850040360C /* ClosePlayerUITests.swift */,
				F2FDD1F42A3ABC850040360C /* ClosePlayerUITestsLaunchTests.swift */,
			);
			path = ClosePlayerUITests;
			sourceTree = "<group>";
		};
/* End PBXGroup section */

/* Begin PBXNativeTarget section */
		F2FDD1D22A3ABC840040360C /* ClosePlayer */ = {
			isa = PBXNativeTarget;
			buildConfigurationList = F2FDD1F82A3ABC850040360C /* Build configuration list for PBXNativeTarget "ClosePlayer" */;
			buildPhases = (
				F2FDD1CF2A3ABC840040360C /* Sources */,
				F2FDD1D02A3ABC840040360C /* Frameworks */,
				F2FDD1D12A3ABC840040360C /* Resources */,
			);
			buildRules = (
			);
			dependencies = (
			);
			name = ClosePlayer;
			productName = ClosePlayer;
			productReference = F2FDD1D32A3ABC840040360C /* ClosePlayer.app */;
			productType = "com.apple.product-type.application";
		};
		F2FDD1E32A3ABC850040360C /* ClosePlayerTests */ = {
			isa = PBXNativeTarget;
			buildConfigurationList = F2FDD1FB2A3ABC850040360C /* Build configuration list for PBXNativeTarget "ClosePlayerTests" */;
			buildPhases = (
				F2FDD1E02A3ABC850040360C /* Sources */,
				F2FDD1E12A3ABC850040360C /* Frameworks */,
				F2FDD1E22A3ABC850040360C /* Resources */,
			);
			buildRules = (
			);
			dependencies = (
				F2FDD1E62A3ABC850040360C /* PBXTargetDependency */,
			);
			name = ClosePlayerTests;
			productName = ClosePlayerTests;
			productReference = F2FDD1E42A3ABC850040360C /* ClosePlayerTests.xctest */;
			productType = "com.apple.product-type.bundle.unit-test";
		};
		F2FDD1ED2A3ABC850040360C /* ClosePlayerUITests */ = {
			isa = PBXNativeTarget;
			buildConfigurationList = F2FDD1FE2A3ABC850040360C /* Build configuration list for PBXNativeTarget "ClosePlayerUITests" */;
			buildPhases = (
				F2FDD1EA2A3ABC850040360C /* Sources */,
				F2FDD1EB2A3ABC850040360C /* Frameworks */,
				F2FDD1EC2A3ABC850040360C /* Resources */,
			);
			buildRules = (
			);
			dependencies = (
				F2FDD1F02A3ABC850040360C /* PBXTargetDependency */,
			);
			name = ClosePlayerUITests;
			productName = ClosePlayerUITests;
			productReference = F2FDD1EE2A3ABC850040360C /* ClosePlayerUITests.xctest */;
			productType = "com.apple.product-type.bundle.ui-testing";
		};
/* End PBXNativeTarget section */

/* Begin PBXProject section */
		F2FDD1CB2A3ABC840040360C /* Project object */ = {
			isa = PBXProject;
			attributes = {
				BuildIndependentTargetsInParallel = 1;
				LastSwiftUpdateCheck = 1430;
				LastUpgradeCheck = 1430;
				TargetAttributes = {
					F2FDD1D22A3ABC840040360C = {
						CreatedOnToolsVersion = 14.3;
					};
					F2FDD1E32A3ABC850040360C = {
						CreatedOnToolsVersion = 14.3;
						TestTargetID = F2FDD1D22A3ABC840040360C;
					};
					F2FDD1ED2A3ABC850040360C = {
						CreatedOnToolsVersion = 14.3;
						TestTargetID = F2FDD1D22A3ABC840040360C;
					};
				};
			};
			buildConfigurationList = F2FDD1CE2A3ABC840040360C /* Build configuration list for PBXProject "ClosePlayer" */;
			compatibilityVersion = "Xcode 14.0";
			developmentRegion = en;
			hasScannedForEncodings = 0;
			knownRegions = (
				en,
				Base,
			);
			mainGroup = F2FDD1CA2A3ABC840040360C;
			productRefGroup = F2FDD1D42A3ABC840040360C /* Products */;
			projectDirPath = "";
			projectRoot = "";
			targets = (
				F2FDD1D22A3ABC840040360C /* ClosePlayer */,
				F2FDD1E32A3ABC850040360C /* ClosePlayerTests */,
				F2FDD1ED2A3ABC850040360C /* ClosePlayerUITests */,
			);
		};
/* End PBXProject section */

/* Begin PBXResourcesBuildPhase section */
		F2FDD1D12A3ABC840040360C /* Resources */ = {
			isa = PBXResourcesBuildPhase;
			buildActionMask = 2147483647;
			files = (
				F2FDD1DF2A3ABC840040360C /* Preview Assets.xcassets in Resources */,
				F2FDD1DB2A3ABC840040360C /* Assets.xcassets in Resources */,
				F205286D2AEE03FE000F4C8E /* Info.plist in Resources */,
			);
			runOnlyForDeploymentPostprocessing = 0;
		};
		F2FDD1E22A3ABC850040360C /* Resources */ = {
			isa = PBXResourcesBuildPhase;
			buildActionMask = 2147483647;
			files = (
			);
			runOnlyForDeploymentPostprocessing = 0;
		};
		F2FDD1EC2A3ABC850040360C /* Resources */ = {
			isa = PBXResourcesBuildPhase;
			buildActionMask = 2147483647;
			files = (
			);
			runOnlyForDeploymentPostprocessing = 0;
		};
/* End PBXResourcesBuildPhase section */

/* Begin PBXSourcesBuildPhase section */
		F2FDD1CF2A3ABC840040360C /* Sources */ = {
			isa = PBXSourcesBuildPhase;
			buildActionMask = 2147483647;
			files = (
				F2BF27D62C6C333F00610BC6 /* NowPlayableCommand.swift in Sources */,
				F2FDD2042A3B16010040360C /* Player.swift in Sources */,
				F2FDD1D92A3ABC840040360C /* ContentView.swift in Sources */,
				F2A646A82A3FFA2F00E86EE1 /* TimeKit.swift in Sources */,
				F2BF27D42C6C333F00610BC6 /* NowPlayable.swift in Sources */,
				F2BF27D32C6C333F00610BC6 /* NowPlayableMetadata.swift in Sources */,
				F2FDD1D72A3ABC840040360C /* ClosePlayerApp.swift in Sources */,
				F2FA3D632C6B81BE008A6859 /* AudioPlayerModel.swift in Sources */,
				F2BF27D52C6C333F00610BC6 /* NowPlayableError.swift in Sources */,
				F2FDD2022A3ABF8B0040360C /* ContentModel.swift in Sources */,
				F227C0A62BC96097006A7468 /* AudioPlayer.swift in Sources */,
			);
			runOnlyForDeploymentPostprocessing = 0;
		};
		F2FDD1E02A3ABC850040360C /* Sources */ = {
			isa = PBXSourcesBuildPhase;
			buildActionMask = 2147483647;
			files = (
				F2FDD1E92A3ABC850040360C /* ClosePlayerTests.swift in Sources */,
			);
			runOnlyForDeploymentPostprocessing = 0;
		};
		F2FDD1EA2A3ABC850040360C /* Sources */ = {
			isa = PBXSourcesBuildPhase;
			buildActionMask = 2147483647;
			files = (
				F2FDD1F52A3ABC850040360C /* ClosePlayerUITestsLaunchTests.swift in Sources */,
				F2FDD1F32A3ABC850040360C /* ClosePlayerUITests.swift in Sources */,
			);
			runOnlyForDeploymentPostprocessing = 0;
		};
/* End PBXSourcesBuildPhase section */

/* Begin PBXTargetDependency section */
		F2FDD1E62A3ABC850040360C /* PBXTargetDependency */ = {
			isa = PBXTargetDependency;
			target = F2FDD1D22A3ABC840040360C /* ClosePlayer */;
			targetProxy = F2FDD1E52A3ABC850040360C /* PBXContainerItemProxy */;
		};
		F2FDD1F02A3ABC850040360C /* PBXTargetDependency */ = {
			isa = PBXTargetDependency;
			target = F2FDD1D22A3ABC840040360C /* ClosePlayer */;
			targetProxy = F2FDD1EF2A3ABC850040360C /* PBXContainerItemProxy */;
		};
/* End PBXTargetDependency section */

/* Begin XCBuildConfiguration section */
		F2FDD1F62A3ABC850040360C /* Debug */ = {
			isa = XCBuildConfiguration;
			buildSettings = {
				ALWAYS_SEARCH_USER_PATHS = NO;
				CLANG_ANALYZER_NONNULL = YES;
				CLANG_ANALYZER_NUMBER_OBJECT_CONVERSION = YES_AGGRESSIVE;
				CLANG_CXX_LANGUAGE_STANDARD = "gnu++20";
				CLANG_ENABLE_MODULES = YES;
				CLANG_ENABLE_OBJC_ARC = YES;
				CLANG_ENABLE_OBJC_WEAK = YES;
				CLANG_WARN_BLOCK_CAPTURE_AUTORELEASING = YES;
				CLANG_WARN_BOOL_CONVERSION = YES;
				CLANG_WARN_COMMA = YES;
				CLANG_WARN_CONSTANT_CONVERSION = YES;
				CLANG_WARN_DEPRECATED_OBJC_IMPLEMENTATIONS = YES;
				CLANG_WARN_DIRECT_OBJC_ISA_USAGE = YES_ERROR;
				CLANG_WARN_DOCUMENTATION_COMMENTS = YES;
				CLANG_WARN_EMPTY_BODY = YES;
				CLANG_WARN_ENUM_CONVERSION = YES;
				CLANG_WARN_INFINITE_RECURSION = YES;
				CLANG_WARN_INT_CONVERSION = YES;
				CLANG_WARN_NON_LITERAL_NULL_CONVERSION = YES;
				CLANG_WARN_OBJC_IMPLICIT_RETAIN_SELF = YES;
				CLANG_WARN_OBJC_LITERAL_CONVERSION = YES;
				CLANG_WARN_OBJC_ROOT_CLASS = YES_ERROR;
				CLANG_WARN_QUOTED_INCLUDE_IN_FRAMEWORK_HEADER = YES;
				CLANG_WARN_RANGE_LOOP_ANALYSIS = YES;
				CLANG_WARN_STRICT_PROTOTYPES = YES;
				CLANG_WARN_SUSPICIOUS_MOVE = YES;
				CLANG_WARN_UNGUARDED_AVAILABILITY = YES_AGGRESSIVE;
				CLANG_WARN_UNREACHABLE_CODE = YES;
				CLANG_WARN__DUPLICATE_METHOD_MATCH = YES;
				COPY_PHASE_STRIP = NO;
				DEBUG_INFORMATION_FORMAT = dwarf;
				ENABLE_STRICT_OBJC_MSGSEND = YES;
				ENABLE_TESTABILITY = YES;
				GCC_C_LANGUAGE_STANDARD = gnu11;
				GCC_DYNAMIC_NO_PIC = NO;
				GCC_NO_COMMON_BLOCKS = YES;
				GCC_OPTIMIZATION_LEVEL = 0;
				GCC_PREPROCESSOR_DEFINITIONS = (
					"DEBUG=1",
					"$(inherited)",
				);
				GCC_WARN_64_TO_32_BIT_CONVERSION = YES;
				GCC_WARN_ABOUT_RETURN_TYPE = YES_ERROR;
				GCC_WARN_UNDECLARED_SELECTOR = YES;
				GCC_WARN_UNINITIALIZED_AUTOS = YES_AGGRESSIVE;
				GCC_WARN_UNUSED_FUNCTION = YES;
				GCC_WARN_UNUSED_VARIABLE = YES;
				MTL_ENABLE_DEBUG_INFO = INCLUDE_SOURCE;
				MTL_FAST_MATH = YES;
				ONLY_ACTIVE_ARCH = YES;
				SWIFT_ACTIVE_COMPILATION_CONDITIONS = DEBUG;
				SWIFT_OPTIMIZATION_LEVEL = "-Onone";
			};
			name = Debug;
		};
		F2FDD1F72A3ABC850040360C /* Release */ = {
			isa = XCBuildConfiguration;
			buildSettings = {
				ALWAYS_SEARCH_USER_PATHS = NO;
				CLANG_ANALYZER_NONNULL = YES;
				CLANG_ANALYZER_NUMBER_OBJECT_CONVERSION = YES_AGGRESSIVE;
				CLANG_CXX_LANGUAGE_STANDARD = "gnu++20";
				CLANG_ENABLE_MODULES = YES;
				CLANG_ENABLE_OBJC_ARC = YES;
				CLANG_ENABLE_OBJC_WEAK = YES;
				CLANG_WARN_BLOCK_CAPTURE_AUTORELEASING = YES;
				CLANG_WARN_BOOL_CONVERSION = YES;
				CLANG_WARN_COMMA = YES;
				CLANG_WARN_CONSTANT_CONVERSION = YES;
				CLANG_WARN_DEPRECATED_OBJC_IMPLEMENTATIONS = YES;
				CLANG_WARN_DIRECT_OBJC_ISA_USAGE = YES_ERROR;
				CLANG_WARN_DOCUMENTATION_COMMENTS = YES;
				CLANG_WARN_EMPTY_BODY = YES;
				CLANG_WARN_ENUM_CONVERSION = YES;
				CLANG_WARN_INFINITE_RECURSION = YES;
				CLANG_WARN_INT_CONVERSION = YES;
				CLANG_WARN_NON_LITERAL_NULL_CONVERSION = YES;
				CLANG_WARN_OBJC_IMPLICIT_RETAIN_SELF = YES;
				CLANG_WARN_OBJC_LITERAL_CONVERSION = YES;
				CLANG_WARN_OBJC_ROOT_CLASS = YES_ERROR;
				CLANG_WARN_QUOTED_INCLUDE_IN_FRAMEWORK_HEADER = YES;
				CLANG_WARN_RANGE_LOOP_ANALYSIS = YES;
				CLANG_WARN_STRICT_PROTOTYPES = YES;
				CLANG_WARN_SUSPICIOUS_MOVE = YES;
				CLANG_WARN_UNGUARDED_AVAILABILITY = YES_AGGRESSIVE;
				CLANG_WARN_UNREACHABLE_CODE = YES;
				CLANG_WARN__DUPLICATE_METHOD_MATCH = YES;
				COPY_PHASE_STRIP = NO;
				DEBUG_INFORMATION_FORMAT = "dwarf-with-dsym";
				ENABLE_NS_ASSERTIONS = NO;
				ENABLE_STRICT_OBJC_MSGSEND = YES;
				GCC_C_LANGUAGE_STANDARD = gnu11;
				GCC_NO_COMMON_BLOCKS = YES;
				GCC_WARN_64_TO_32_BIT_CONVERSION = YES;
				GCC_WARN_ABOUT_RETURN_TYPE = YES_ERROR;
				GCC_WARN_UNDECLARED_SELECTOR = YES;
				GCC_WARN_UNINITIALIZED_AUTOS = YES_AGGRESSIVE;
				GCC_WARN_UNUSED_FUNCTION = YES;
				GCC_WARN_UNUSED_VARIABLE = YES;
				MTL_ENABLE_DEBUG_INFO = NO;
				MTL_FAST_MATH = YES;
				SWIFT_COMPILATION_MODE = wholemodule;
				SWIFT_OPTIMIZATION_LEVEL = "-O";
			};
			name = Release;
		};
		F2FDD1F92A3ABC850040360C /* Debug */ = {
			isa = XCBuildConfiguration;
			buildSettings = {
				ASSETCATALOG_COMPILER_APPICON_NAME = AppIcon;
				ASSETCATALOG_COMPILER_GLOBAL_ACCENT_COLOR_NAME = AccentColor;
				CODE_SIGN_ENTITLEMENTS = ClosePlayer/ClosePlayer.entitlements;
				CODE_SIGN_STYLE = Automatic;
				CURRENT_PROJECT_VERSION = 1;
				DEVELOPMENT_ASSET_PATHS = "\"ClosePlayer/Preview Content\"";
				DEVELOPMENT_TEAM = YL279DNVQD;
				ENABLE_HARDENED_RUNTIME = YES;
				ENABLE_PREVIEWS = YES;
				GENERATE_INFOPLIST_FILE = YES;
				INFOPLIST_FILE = ClosePlayer/Info.plist;
				"INFOPLIST_KEY_UIApplicationSceneManifest_Generation[sdk=iphoneos*]" = YES;
				"INFOPLIST_KEY_UIApplicationSceneManifest_Generation[sdk=iphonesimulator*]" = YES;
				"INFOPLIST_KEY_UIApplicationSupportsIndirectInputEvents[sdk=iphoneos*]" = YES;
				"INFOPLIST_KEY_UIApplicationSupportsIndirectInputEvents[sdk=iphonesimulator*]" = YES;
				"INFOPLIST_KEY_UILaunchScreen_Generation[sdk=iphoneos*]" = YES;
				"INFOPLIST_KEY_UILaunchScreen_Generation[sdk=iphonesimulator*]" = YES;
				"INFOPLIST_KEY_UIStatusBarStyle[sdk=iphoneos*]" = UIStatusBarStyleDefault;
				"INFOPLIST_KEY_UIStatusBarStyle[sdk=iphonesimulator*]" = UIStatusBarStyleDefault;
				INFOPLIST_KEY_UISupportedInterfaceOrientations_iPad = "UIInterfaceOrientationPortrait UIInterfaceOrientationPortraitUpsideDown UIInterfaceOrientationLandscapeLeft UIInterfaceOrientationLandscapeRight";
				INFOPLIST_KEY_UISupportedInterfaceOrientations_iPhone = "UIInterfaceOrientationPortrait UIInterfaceOrientationLandscapeLeft UIInterfaceOrientationLandscapeRight";
				IPHONEOS_DEPLOYMENT_TARGET = 16.4;
				LD_RUNPATH_SEARCH_PATHS = "@executable_path/Frameworks";
				"LD_RUNPATH_SEARCH_PATHS[sdk=macosx*]" = "@executable_path/../Frameworks";
				MACOSX_DEPLOYMENT_TARGET = 14.0;
				MARKETING_VERSION = 1.0;
				PRODUCT_BUNDLE_IDENTIFIER = com.davidreese.ClosePlayer;
				PRODUCT_NAME = "$(TARGET_NAME)";
				SDKROOT = auto;
				SUPPORTED_PLATFORMS = "iphoneos iphonesimulator macosx";
				SWIFT_EMIT_LOC_STRINGS = YES;
				SWIFT_VERSION = 5.0;
				TARGETED_DEVICE_FAMILY = "1,2";
			};
			name = Debug;
		};
		F2FDD1FA2A3ABC850040360C /* Release */ = {
			isa = XCBuildConfiguration;
			buildSettings = {
				ASSETCATALOG_COMPILER_APPICON_NAME = AppIcon;
				ASSETCATALOG_COMPILER_GLOBAL_ACCENT_COLOR_NAME = AccentColor;
				CODE_SIGN_ENTITLEMENTS = ClosePlayer/ClosePlayer.entitlements;
				CODE_SIGN_STYLE = Automatic;
				CURRENT_PROJECT_VERSION = 1;
				DEVELOPMENT_ASSET_PATHS = "\"ClosePlayer/Preview Content\"";
				DEVELOPMENT_TEAM = YL279DNVQD;
				ENABLE_HARDENED_RUNTIME = YES;
				ENABLE_PREVIEWS = YES;
				GENERATE_INFOPLIST_FILE = YES;
				INFOPLIST_FILE = ClosePlayer/Info.plist;
				"INFOPLIST_KEY_UIApplicationSceneManifest_Generation[sdk=iphoneos*]" = YES;
				"INFOPLIST_KEY_UIApplicationSceneManifest_Generation[sdk=iphonesimulator*]" = YES;
				"INFOPLIST_KEY_UIApplicationSupportsIndirectInputEvents[sdk=iphoneos*]" = YES;
				"INFOPLIST_KEY_UIApplicationSupportsIndirectInputEvents[sdk=iphonesimulator*]" = YES;
				"INFOPLIST_KEY_UILaunchScreen_Generation[sdk=iphoneos*]" = YES;
				"INFOPLIST_KEY_UILaunchScreen_Generation[sdk=iphonesimulator*]" = YES;
				"INFOPLIST_KEY_UIStatusBarStyle[sdk=iphoneos*]" = UIStatusBarStyleDefault;
				"INFOPLIST_KEY_UIStatusBarStyle[sdk=iphonesimulator*]" = UIStatusBarStyleDefault;
				INFOPLIST_KEY_UISupportedInterfaceOrientations_iPad = "UIInterfaceOrientationPortrait UIInterfaceOrientationPortraitUpsideDown UIInterfaceOrientationLandscapeLeft UIInterfaceOrientationLandscapeRight";
				INFOPLIST_KEY_UISupportedInterfaceOrientations_iPhone = "UIInterfaceOrientationPortrait UIInterfaceOrientationLandscapeLeft UIInterfaceOrientationLandscapeRight";
				IPHONEOS_DEPLOYMENT_TARGET = 16.4;
				LD_RUNPATH_SEARCH_PATHS = "@executable_path/Frameworks";
				"LD_RUNPATH_SEARCH_PATHS[sdk=macosx*]" = "@executable_path/../Frameworks";
				MACOSX_DEPLOYMENT_TARGET = 14.0;
				MARKETING_VERSION = 1.0;
				PRODUCT_BUNDLE_IDENTIFIER = com.davidreese.ClosePlayer;
				PRODUCT_NAME = "$(TARGET_NAME)";
				SDKROOT = auto;
				SUPPORTED_PLATFORMS = "iphoneos iphonesimulator macosx";
				SWIFT_EMIT_LOC_STRINGS = YES;
				SWIFT_VERSION = 5.0;
				TARGETED_DEVICE_FAMILY = "1,2";
			};
			name = Release;
		};
		F2FDD1FC2A3ABC850040360C /* Debug */ = {
			isa = XCBuildConfiguration;
			buildSettings = {
				ALWAYS_EMBED_SWIFT_STANDARD_LIBRARIES = YES;
				BUNDLE_LOADER = "$(TEST_HOST)";
				CODE_SIGN_STYLE = Automatic;
				CURRENT_PROJECT_VERSION = 1;
				DEVELOPMENT_TEAM = YL279DNVQD;
				GENERATE_INFOPLIST_FILE = YES;
				IPHONEOS_DEPLOYMENT_TARGET = 16.4;
				MACOSX_DEPLOYMENT_TARGET = 13.3;
				MARKETING_VERSION = 1.0;
				PRODUCT_BUNDLE_IDENTIFIER = com.davidreese.ClosePlayerTests;
				PRODUCT_NAME = "$(TARGET_NAME)";
				SDKROOT = auto;
				SUPPORTED_PLATFORMS = "iphoneos iphonesimulator macosx";
				SWIFT_EMIT_LOC_STRINGS = NO;
				SWIFT_VERSION = 5.0;
				TARGETED_DEVICE_FAMILY = "1,2";
				TEST_HOST = "$(BUILT_PRODUCTS_DIR)/ClosePlayer.app/$(BUNDLE_EXECUTABLE_FOLDER_PATH)/ClosePlayer";
			};
			name = Debug;
		};
		F2FDD1FD2A3ABC850040360C /* Release */ = {
			isa = XCBuildConfiguration;
			buildSettings = {
				ALWAYS_EMBED_SWIFT_STANDARD_LIBRARIES = YES;
				BUNDLE_LOADER = "$(TEST_HOST)";
				CODE_SIGN_STYLE = Automatic;
				CURRENT_PROJECT_VERSION = 1;
				DEVELOPMENT_TEAM = YL279DNVQD;
				GENERATE_INFOPLIST_FILE = YES;
				IPHONEOS_DEPLOYMENT_TARGET = 16.4;
				MACOSX_DEPLOYMENT_TARGET = 13.3;
				MARKETING_VERSION = 1.0;
				PRODUCT_BUNDLE_IDENTIFIER = com.davidreese.ClosePlayerTests;
				PRODUCT_NAME = "$(TARGET_NAME)";
				SDKROOT = auto;
				SUPPORTED_PLATFORMS = "iphoneos iphonesimulator macosx";
				SWIFT_EMIT_LOC_STRINGS = NO;
				SWIFT_VERSION = 5.0;
				TARGETED_DEVICE_FAMILY = "1,2";
				TEST_HOST = "$(BUILT_PRODUCTS_DIR)/ClosePlayer.app/$(BUNDLE_EXECUTABLE_FOLDER_PATH)/ClosePlayer";
			};
			name = Release;
		};
		F2FDD1FF2A3ABC850040360C /* Debug */ = {
			isa = XCBuildConfiguration;
			buildSettings = {
				ALWAYS_EMBED_SWIFT_STANDARD_LIBRARIES = YES;
				CODE_SIGN_STYLE = Automatic;
				CURRENT_PROJECT_VERSION = 1;
				DEVELOPMENT_TEAM = YL279DNVQD;
				GENERATE_INFOPLIST_FILE = YES;
				IPHONEOS_DEPLOYMENT_TARGET = 16.4;
				MACOSX_DEPLOYMENT_TARGET = 13.3;
				MARKETING_VERSION = 1.0;
				PRODUCT_BUNDLE_IDENTIFIER = com.davidreese.ClosePlayerUITests;
				PRODUCT_NAME = "$(TARGET_NAME)";
				SDKROOT = auto;
				SUPPORTED_PLATFORMS = "iphoneos iphonesimulator macosx";
				SWIFT_EMIT_LOC_STRINGS = NO;
				SWIFT_VERSION = 5.0;
				TARGETED_DEVICE_FAMILY = "1,2";
				TEST_TARGET_NAME = ClosePlayer;
			};
			name = Debug;
		};
		F2FDD2002A3ABC850040360C /* Release */ = {
			isa = XCBuildConfiguration;
			buildSettings = {
				ALWAYS_EMBED_SWIFT_STANDARD_LIBRARIES = YES;
				CODE_SIGN_STYLE = Automatic;
				CURRENT_PROJECT_VERSION = 1;
				DEVELOPMENT_TEAM = YL279DNVQD;
				GENERATE_INFOPLIST_FILE = YES;
				IPHONEOS_DEPLOYMENT_TARGET = 16.4;
				MACOSX_DEPLOYMENT_TARGET = 13.3;
				MARKETING_VERSION = 1.0;
				PRODUCT_BUNDLE_IDENTIFIER = com.davidreese.ClosePlayerUITests;
				PRODUCT_NAME = "$(TARGET_NAME)";
				SDKROOT = auto;
				SUPPORTED_PLATFORMS = "iphoneos iphonesimulator macosx";
				SWIFT_EMIT_LOC_STRINGS = NO;
				SWIFT_VERSION = 5.0;
				TARGETED_DEVICE_FAMILY = "1,2";
				TEST_TARGET_NAME = ClosePlayer;
			};
			name = Release;
		};
/* End XCBuildConfiguration section */

/* Begin XCConfigurationList section */
		F2FDD1CE2A3ABC840040360C /* Build configuration list for PBXProject "ClosePlayer" */ = {
			isa = XCConfigurationList;
			buildConfigurations = (
				F2FDD1F62A3ABC850040360C /* Debug */,
				F2FDD1F72A3ABC850040360C /* Release */,
			);
			defaultConfigurationIsVisible = 0;
			defaultConfigurationName = Release;
		};
		F2FDD1F82A3ABC850040360C /* Build configuration list for PBXNativeTarget "ClosePlayer" */ = {
			isa = XCConfigurationList;
			buildConfigurations = (
				F2FDD1F92A3ABC850040360C /* Debug */,
				F2FDD1FA2A3ABC850040360C /* Release */,
			);
			defaultConfigurationIsVisible = 0;
			defaultConfigurationName = Release;
		};
		F2FDD1FB2A3ABC850040360C /* Build configuration list for PBXNativeTarget "ClosePlayerTests" */ = {
			isa = XCConfigurationList;
			buildConfigurations = (
				F2FDD1FC2A3ABC850040360C /* Debug */,
				F2FDD1FD2A3ABC850040360C /* Release */,
			);
			defaultConfigurationIsVisible = 0;
			defaultConfigurationName = Release;
		};
		F2FDD1FE2A3ABC850040360C /* Build configuration list for PBXNativeTarget "ClosePlayerUITests" */ = {
			isa = XCConfigurationList;
			buildConfigurations = (
				F2FDD1FF2A3ABC850040360C /* Debug */,
				F2FDD2002A3ABC850040360C /* Release */,
			);
			defaultConfigurationIsVisible = 0;
			defaultConfigurationName = Release;
		};
/* End XCConfigurationList section */
	};
	rootObject = F2FDD1CB2A3ABC840040360C /* Project object */;
}
